
Microsoft Visual Studio Solution File, Format Version 12.00
# Visual Studio 14
VisualStudioVersion = 14.0.25123.0
MinimumVisualStudioVersion = 10.0.40219.1
Project("{2150E333-8FDC-42A3-9474-1A3956D46DE8}") = "src", "src", "{FE14A1D2-6F89-4EB4-9622-25C5FBDF5DD2}"
EndProject
Project("{2150E333-8FDC-42A3-9474-1A3956D46DE8}") = "Solution Items", "Solution Items", "{E3425105-14AB-4ABD-B17F-D69FE3CF03EC}"
	ProjectSection(SolutionItems) = preProject
		global.json = global.json
	EndProjectSection
EndProject
Project("{8BB2217D-0F2D-49D1-97BC-3654ED321F3B}") = "MVC6Test", "src\MVC6Test\MVC6Test.xproj", "{63621039-BC3F-487A-B6CF-389759E355E8}"
EndProject
Global
	GlobalSection(SolutionConfigurationPlatforms) = preSolution
		Debug|Any CPU = Debug|Any CPU
		Release|Any CPU = Release|Any CPU
	EndGlobalSection
	GlobalSection(ProjectConfigurationPlatforms) = postSolution
		{63621039-BC3F-487A-B6CF-389759E355E8}.Debug|Any CPU.ActiveCfg = Debug|Any CPU
		{63621039-BC3F-487A-B6CF-389759E355E8}.Debug|Any CPU.Build.0 = Debug|Any CPU
		{63621039-BC3F-487A-B6CF-389759E355E8}.Release|Any CPU.ActiveCfg = Release|Any CPU
		{63621039-BC3F-487A-B6CF-389759E355E8}.Release|Any CPU.Build.0 = Release|Any CPU
	EndGlobalSection
	GlobalSection(SolutionProperties) = preSolution
		HideSolutionNode = FALSE
	EndGlobalSection
	GlobalSection(NestedProjects) = preSolution
		{63621039-BC3F-487A-B6CF-389759E355E8} = {FE14A1D2-6F89-4EB4-9622-25C5FBDF5DD2}
	EndGlobalSection
EndGlobal
